
Microsoft Visual Studio Solution File, Format Version 12.00
Project("{FAE04EC0-301F-11D3-BF4B-00C04F79EFBC}") = "CloudComputingLabs", "CloudComputingLabs\CloudComputingLabs.csproj", "{BD367EA0-F6DA-4CD8-AAC3-30E87C7114F8}"
EndProject
Global
	GlobalSection(SolutionConfigurationPlatforms) = preSolution
		Debug|Any CPU = Debug|Any CPU
		Release|Any CPU = Release|Any CPU
	EndGlobalSection
	GlobalSection(ProjectConfigurationPlatforms) = postSolution
		{BD367EA0-F6DA-4CD8-AAC3-30E87C7114F8}.Debug|Any CPU.ActiveCfg = Debug|Any CPU
		{BD367EA0-F6DA-4CD8-AAC3-30E87C7114F8}.Debug|Any CPU.Build.0 = Debug|Any CPU
		{BD367EA0-F6DA-4CD8-AAC3-30E87C7114F8}.Release|Any CPU.ActiveCfg = Release|Any CPU
		{BD367EA0-F6DA-4CD8-AAC3-30E87C7114F8}.Release|Any CPU.Build.0 = Release|Any CPU
	EndGlobalSection
EndGlobal
